// !$*UTF8*$!
{
	archiveVersion = 1;
	classes = {
	};
	objectVersion = 50;
	objects = {

/* Begin PBXBuildFile section */
		546681E7210650C30026368D /* AppDelegate.swift in Sources */ = {isa = PBXBuildFile; fileRef = 546681E6210650C30026368D /* AppDelegate.swift */; };
		546681EC210650C30026368D /* Main.storyboard in Resources */ = {isa = PBXBuildFile; fileRef = 546681EA210650C30026368D /* Main.storyboard */; };
		546681EE210650C40026368D /* Assets.xcassets in Resources */ = {isa = PBXBuildFile; fileRef = 546681ED210650C40026368D /* Assets.xcassets */; };
		546681F1210650C40026368D /* LaunchScreen.storyboard in Resources */ = {isa = PBXBuildFile; fileRef = 546681EF210650C40026368D /* LaunchScreen.storyboard */; };
		546681FC210651450026368D /* libz.tbd in Frameworks */ = {isa = PBXBuildFile; fileRef = 546681FB210651450026368D /* libz.tbd */; };
		546681FE210651540026368D /* libsqlite3.tbd in Frameworks */ = {isa = PBXBuildFile; fileRef = 546681FD210651540026368D /* libsqlite3.tbd */; };
		54668200210651610026368D /* AudioToolbox.framework in Frameworks */ = {isa = PBXBuildFile; fileRef = 546681FF210651610026368D /* AudioToolbox.framework */; };
		54668202210651680026368D /* CFNetwork.framework in Frameworks */ = {isa = PBXBuildFile; fileRef = 54668201210651680026368D /* CFNetwork.framework */; };
		546682042106516E0026368D /* CoreGraphics.framework in Frameworks */ = {isa = PBXBuildFile; fileRef = 546682032106516E0026368D /* CoreGraphics.framework */; };
		546682062106517C0026368D /* CoreLocation.framework in Frameworks */ = {isa = PBXBuildFile; fileRef = 546682052106517C0026368D /* CoreLocation.framework */; };
		54668208210651880026368D /* QuartzCore.framework in Frameworks */ = {isa = PBXBuildFile; fileRef = 54668207210651880026368D /* QuartzCore.framework */; };
		5466820A2106518F0026368D /* StoreKit.framework in Frameworks */ = {isa = PBXBuildFile; fileRef = 546682092106518F0026368D /* StoreKit.framework */; };
		5466820C2106519A0026368D /* Security.framework in Frameworks */ = {isa = PBXBuildFile; fileRef = 5466820B2106519A0026368D /* Security.framework */; };
		5466820E210651AB0026368D /* SystemConfiguration.framework in Frameworks */ = {isa = PBXBuildFile; fileRef = 5466820D210651AB0026368D /* SystemConfiguration.framework */; };
		54668211210652900026368D /* Bolts.framework in Frameworks */ = {isa = PBXBuildFile; fileRef = 5466820F2106528F0026368D /* Bolts.framework */; };
		54668212210652900026368D /* Parse.framework in Frameworks */ = {isa = PBXBuildFile; fileRef = 54668210210652900026368D /* Parse.framework */; };
		5466821621065FCD0026368D /* ApiKeys.plist in Resources */ = {isa = PBXBuildFile; fileRef = 5466821521065FCD0026368D /* ApiKeys.plist */; };
		54668218210660310026368D /* ApiKeys.swift in Sources */ = {isa = PBXBuildFile; fileRef = 54668217210660310026368D /* ApiKeys.swift */; };
		5466821A210677A90026368D /* LoginViewController.swift in Sources */ = {isa = PBXBuildFile; fileRef = 54668219210677A90026368D /* LoginViewController.swift */; };
		54668221210678AD0026368D /* ResetPasswordViewController.swift in Sources */ = {isa = PBXBuildFile; fileRef = 54668220210678AD0026368D /* ResetPasswordViewController.swift */; };
		5466822321067A940026368D /* SignUpViewController.swift in Sources */ = {isa = PBXBuildFile; fileRef = 5466822221067A940026368D /* SignUpViewController.swift */; };
/* End PBXBuildFile section */

/* Begin PBXFileReference section */
		546681E3210650C30026368D /* InstagramClone.app */ = {isa = PBXFileReference; explicitFileType = wrapper.application; includeInIndex = 0; path = InstagramClone.app; sourceTree = BUILT_PRODUCTS_DIR; };
		546681E6210650C30026368D /* AppDelegate.swift */ = {isa = PBXFileReference; lastKnownFileType = sourcecode.swift; path = AppDelegate.swift; sourceTree = "<group>"; };
		546681EB210650C30026368D /* Base */ = {isa = PBXFileReference; lastKnownFileType = file.storyboard; name = Base; path = Base.lproj/Main.storyboard; sourceTree = "<group>"; };
		546681ED210650C40026368D /* Assets.xcassets */ = {isa = PBXFileReference; lastKnownFileType = folder.assetcatalog; path = Assets.xcassets; sourceTree = "<group>"; };
		546681F0210650C40026368D /* Base */ = {isa = PBXFileReference; lastKnownFileType = file.storyboard; name = Base; path = Base.lproj/LaunchScreen.storyboard; sourceTree = "<group>"; };
		546681F2210650C40026368D /* Info.plist */ = {isa = PBXFileReference; lastKnownFileType = text.plist.xml; path = Info.plist; sourceTree = "<group>"; };
		546681F92106512F0026368D /* libsqlite3.0.tbd */ = {isa = PBXFileReference; lastKnownFileType = "sourcecode.text-based-dylib-definition"; name = libsqlite3.0.tbd; path = usr/lib/libsqlite3.0.tbd; sourceTree = SDKROOT; };
		546681FB210651450026368D /* libz.tbd */ = {isa = PBXFileReference; lastKnownFileType = "sourcecode.text-based-dylib-definition"; name = libz.tbd; path = usr/lib/libz.tbd; sourceTree = SDKROOT; };
		546681FD210651540026368D /* libsqlite3.tbd */ = {isa = PBXFileReference; lastKnownFileType = "sourcecode.text-based-dylib-definition"; name = libsqlite3.tbd; path = usr/lib/libsqlite3.tbd; sourceTree = SDKROOT; };
		546681FF210651610026368D /* AudioToolbox.framework */ = {isa = PBXFileReference; lastKnownFileType = wrapper.framework; name = AudioToolbox.framework; path = System/Library/Frameworks/AudioToolbox.framework; sourceTree = SDKROOT; };
		54668201210651680026368D /* CFNetwork.framework */ = {isa = PBXFileReference; lastKnownFileType = wrapper.framework; name = CFNetwork.framework; path = System/Library/Frameworks/CFNetwork.framework; sourceTree = SDKROOT; };
		546682032106516E0026368D /* CoreGraphics.framework */ = {isa = PBXFileReference; lastKnownFileType = wrapper.framework; name = CoreGraphics.framework; path = System/Library/Frameworks/CoreGraphics.framework; sourceTree = SDKROOT; };
		546682052106517C0026368D /* CoreLocation.framework */ = {isa = PBXFileReference; lastKnownFileType = wrapper.framework; name = CoreLocation.framework; path = System/Library/Frameworks/CoreLocation.framework; sourceTree = SDKROOT; };
		54668207210651880026368D /* QuartzCore.framework */ = {isa = PBXFileReference; lastKnownFileType = wrapper.framework; name = QuartzCore.framework; path = System/Library/Frameworks/QuartzCore.framework; sourceTree = SDKROOT; };
		546682092106518F0026368D /* StoreKit.framework */ = {isa = PBXFileReference; lastKnownFileType = wrapper.framework; name = StoreKit.framework; path = System/Library/Frameworks/StoreKit.framework; sourceTree = SDKROOT; };
		5466820B2106519A0026368D /* Security.framework */ = {isa = PBXFileReference; lastKnownFileType = wrapper.framework; name = Security.framework; path = System/Library/Frameworks/Security.framework; sourceTree = SDKROOT; };
		5466820D210651AB0026368D /* SystemConfiguration.framework */ = {isa = PBXFileReference; lastKnownFileType = wrapper.framework; name = SystemConfiguration.framework; path = System/Library/Frameworks/SystemConfiguration.framework; sourceTree = SDKROOT; };
		5466820F2106528F0026368D /* Bolts.framework */ = {isa = PBXFileReference; lastKnownFileType = wrapper.framework; path = Bolts.framework; sourceTree = "<group>"; };
		54668210210652900026368D /* Parse.framework */ = {isa = PBXFileReference; lastKnownFileType = wrapper.framework; path = Parse.framework; sourceTree = "<group>"; };
		5466821521065FCD0026368D /* ApiKeys.plist */ = {isa = PBXFileReference; fileEncoding = 4; lastKnownFileType = text.plist.xml; path = ApiKeys.plist; sourceTree = "<group>"; };
		54668217210660310026368D /* ApiKeys.swift */ = {isa = PBXFileReference; lastKnownFileType = sourcecode.swift; path = ApiKeys.swift; sourceTree = "<group>"; };
		54668219210677A90026368D /* LoginViewController.swift */ = {isa = PBXFileReference; lastKnownFileType = sourcecode.swift; path = LoginViewController.swift; sourceTree = "<group>"; };
		54668220210678AD0026368D /* ResetPasswordViewController.swift */ = {isa = PBXFileReference; lastKnownFileType = sourcecode.swift; path = ResetPasswordViewController.swift; sourceTree = "<group>"; };
		5466822221067A940026368D /* SignUpViewController.swift */ = {isa = PBXFileReference; lastKnownFileType = sourcecode.swift; path = SignUpViewController.swift; sourceTree = "<group>"; };
/* End PBXFileReference section */

/* Begin PBXFrameworksBuildPhase section */
		546681E0210650C20026368D /* Frameworks */ = {
			isa = PBXFrameworksBuildPhase;
			buildActionMask = 2147483647;
			files = (
				5466820E210651AB0026368D /* SystemConfiguration.framework in Frameworks */,
				5466820C2106519A0026368D /* Security.framework in Frameworks */,
				5466820A2106518F0026368D /* StoreKit.framework in Frameworks */,
				54668208210651880026368D /* QuartzCore.framework in Frameworks */,
				546682062106517C0026368D /* CoreLocation.framework in Frameworks */,
				546682042106516E0026368D /* CoreGraphics.framework in Frameworks */,
				54668202210651680026368D /* CFNetwork.framework in Frameworks */,
				54668200210651610026368D /* AudioToolbox.framework in Frameworks */,
				54668211210652900026368D /* Bolts.framework in Frameworks */,
				546681FE210651540026368D /* libsqlite3.tbd in Frameworks */,
				54668212210652900026368D /* Parse.framework in Frameworks */,
				546681FC210651450026368D /* libz.tbd in Frameworks */,
			);
			runOnlyForDeploymentPostprocessing = 0;
		};
/* End PBXFrameworksBuildPhase section */

/* Begin PBXGroup section */
		546681DA210650C20026368D = {
			isa = PBXGroup;
			children = (
				546681E5210650C30026368D /* InstagramClone */,
				546681E4210650C30026368D /* Products */,
				546681F82106512F0026368D /* Frameworks */,
			);
			sourceTree = "<group>";
		};
		546681E4210650C30026368D /* Products */ = {
			isa = PBXGroup;
			children = (
				546681E3210650C30026368D /* InstagramClone.app */,
			);
			name = Products;
			sourceTree = "<group>";
		};
		546681E5210650C30026368D /* InstagramClone */ = {
			isa = PBXGroup;
			children = (
				546681E6210650C30026368D /* AppDelegate.swift */,
				5466821D210677E10026368D /* Model */,
				5466821C210677CA0026368D /* View */,
				5466821B210677C20026368D /* Controller */,
				546681ED210650C40026368D /* Assets.xcassets */,
				546681F2210650C40026368D /* Info.plist */,
				5466822421067AB30026368D /* Support */,
			);
			path = InstagramClone;
			sourceTree = "<group>";
		};
		546681F82106512F0026368D /* Frameworks */ = {
			isa = PBXGroup;
			children = (
				5466820F2106528F0026368D /* Bolts.framework */,
				54668210210652900026368D /* Parse.framework */,
				5466820D210651AB0026368D /* SystemConfiguration.framework */,
				5466820B2106519A0026368D /* Security.framework */,
				546682092106518F0026368D /* StoreKit.framework */,
				54668207210651880026368D /* QuartzCore.framework */,
				546682052106517C0026368D /* CoreLocation.framework */,
				546682032106516E0026368D /* CoreGraphics.framework */,
				54668201210651680026368D /* CFNetwork.framework */,
				546681FF210651610026368D /* AudioToolbox.framework */,
				546681FD210651540026368D /* libsqlite3.tbd */,
				546681FB210651450026368D /* libz.tbd */,
				546681F92106512F0026368D /* libsqlite3.0.tbd */,
			);
			name = Frameworks;
			sourceTree = "<group>";
		};
		5466821B210677C20026368D /* Controller */ = {
			isa = PBXGroup;
			children = (
				54668219210677A90026368D /* LoginViewController.swift */,
				54668220210678AD0026368D /* ResetPasswordViewController.swift */,
				5466822221067A940026368D /* SignUpViewController.swift */,
			);
			path = Controller;
			sourceTree = "<group>";
		};
		5466821C210677CA0026368D /* View */ = {
			isa = PBXGroup;
			children = (
				546681EA210650C30026368D /* Main.storyboard */,
				546681EF210650C40026368D /* LaunchScreen.storyboard */,
			);
			path = View;
			sourceTree = "<group>";
		};
		5466821D210677E10026368D /* Model */ = {
			isa = PBXGroup;
			children = (
			);
			path = Model;
			sourceTree = "<group>";
		};
		5466822421067AB30026368D /* Support */ = {
			isa = PBXGroup;
			children = (
				5466821521065FCD0026368D /* ApiKeys.plist */,
				54668217210660310026368D /* ApiKeys.swift */,
			);
			path = Support;
			sourceTree = "<group>";
		};
/* End PBXGroup section */

/* Begin PBXNativeTarget section */
		546681E2210650C20026368D /* InstagramClone */ = {
			isa = PBXNativeTarget;
			buildConfigurationList = 546681F5210650C40026368D /* Build configuration list for PBXNativeTarget "InstagramClone" */;
			buildPhases = (
				546681DF210650C20026368D /* Sources */,
				546681E0210650C20026368D /* Frameworks */,
				546681E1210650C20026368D /* Resources */,
			);
			buildRules = (
			);
			dependencies = (
			);
			name = InstagramClone;
			productName = InstagramClone;
			productReference = 546681E3210650C30026368D /* InstagramClone.app */;
			productType = "com.apple.product-type.application";
		};
/* End PBXNativeTarget section */

/* Begin PBXProject section */
		546681DB210650C20026368D /* Project object */ = {
			isa = PBXProject;
			attributes = {
				LastSwiftUpdateCheck = 0940;
				LastUpgradeCheck = 0940;
				ORGANIZATIONNAME = ngtkn;
				TargetAttributes = {
					546681E2210650C20026368D = {
						CreatedOnToolsVersion = 9.4.1;
					};
				};
			};
			buildConfigurationList = 546681DE210650C20026368D /* Build configuration list for PBXProject "InstagramClone" */;
			compatibilityVersion = "Xcode 9.3";
			developmentRegion = en;
			hasScannedForEncodings = 0;
			knownRegions = (
				en,
				Base,
			);
			mainGroup = 546681DA210650C20026368D;
			productRefGroup = 546681E4210650C30026368D /* Products */;
			projectDirPath = "";
			projectRoot = "";
			targets = (
				546681E2210650C20026368D /* InstagramClone */,
			);
		};
/* End PBXProject section */

/* Begin PBXResourcesBuildPhase section */
		546681E1210650C20026368D /* Resources */ = {
			isa = PBXResourcesBuildPhase;
			buildActionMask = 2147483647;
			files = (
				546681F1210650C40026368D /* LaunchScreen.storyboard in Resources */,
				5466821621065FCD0026368D /* ApiKeys.plist in Resources */,
				546681EE210650C40026368D /* Assets.xcassets in Resources */,
				546681EC210650C30026368D /* Main.storyboard in Resources */,
			);
			runOnlyForDeploymentPostprocessing = 0;
		};
/* End PBXResourcesBuildPhase section */

/* Begin PBXSourcesBuildPhase section */
		546681DF210650C20026368D /* Sources */ = {
			isa = PBXSourcesBuildPhase;
			buildActionMask = 2147483647;
			files = (
				5466821A210677A90026368D /* LoginViewController.swift in Sources */,
				546681E7210650C30026368D /* AppDelegate.swift in Sources */,
				54668221210678AD0026368D /* ResetPasswordViewController.swift in Sources */,
				54668218210660310026368D /* ApiKeys.swift in Sources */,
				5466822321067A940026368D /* SignUpViewController.swift in Sources */,
			);
			runOnlyForDeploymentPostprocessing = 0;
		};
/* End PBXSourcesBuildPhase section */

/* Begin PBXVariantGroup section */
		546681EA210650C30026368D /* Main.storyboard */ = {
			isa = PBXVariantGroup;
			children = (
				546681EB210650C30026368D /* Base */,
			);
			name = Main.storyboard;
			sourceTree = "<group>";
		};
		546681EF210650C40026368D /* LaunchScreen.storyboard */ = {
			isa = PBXVariantGroup;
			children = (
				546681F0210650C40026368D /* Base */,
			);
			name = LaunchScreen.storyboard;
			sourceTree = "<group>";
		};
/* End PBXVariantGroup section */

/* Begin XCBuildConfiguration section */
		546681F3210650C40026368D /* Debug */ = {
			isa = XCBuildConfiguration;
			buildSettings = {
				ALWAYS_SEARCH_USER_PATHS = NO;
				CLANG_ANALYZER_NONNULL = YES;
				CLANG_ANALYZER_NUMBER_OBJECT_CONVERSION = YES_AGGRESSIVE;
				CLANG_CXX_LANGUAGE_STANDARD = "gnu++14";
				CLANG_CXX_LIBRARY = "libc++";
				CLANG_ENABLE_MODULES = YES;
				CLANG_ENABLE_OBJC_ARC = YES;
				CLANG_ENABLE_OBJC_WEAK = YES;
				CLANG_WARN_BLOCK_CAPTURE_AUTORELEASING = YES;
				CLANG_WARN_BOOL_CONVERSION = YES;
				CLANG_WARN_COMMA = YES;
				CLANG_WARN_CONSTANT_CONVERSION = YES;
				CLANG_WARN_DEPRECATED_OBJC_IMPLEMENTATIONS = YES;
				CLANG_WARN_DIRECT_OBJC_ISA_USAGE = YES_ERROR;
				CLANG_WARN_DOCUMENTATION_COMMENTS = YES;
				CLANG_WARN_EMPTY_BODY = YES;
				CLANG_WARN_ENUM_CONVERSION = YES;
				CLANG_WARN_INFINITE_RECURSION = YES;
				CLANG_WARN_INT_CONVERSION = YES;
				CLANG_WARN_NON_LITERAL_NULL_CONVERSION = YES;
				CLANG_WARN_OBJC_IMPLICIT_RETAIN_SELF = YES;
				CLANG_WARN_OBJC_LITERAL_CONVERSION = YES;
				CLANG_WARN_OBJC_ROOT_CLASS = YES_ERROR;
				CLANG_WARN_RANGE_LOOP_ANALYSIS = YES;
				CLANG_WARN_STRICT_PROTOTYPES = YES;
				CLANG_WARN_SUSPICIOUS_MOVE = YES;
				CLANG_WARN_UNGUARDED_AVAILABILITY = YES_AGGRESSIVE;
				CLANG_WARN_UNREACHABLE_CODE = YES;
				CLANG_WARN__DUPLICATE_METHOD_MATCH = YES;
				CODE_SIGN_IDENTITY = "iPhone Developer";
				COPY_PHASE_STRIP = NO;
				DEBUG_INFORMATION_FORMAT = dwarf;
				ENABLE_STRICT_OBJC_MSGSEND = YES;
				ENABLE_TESTABILITY = YES;
				GCC_C_LANGUAGE_STANDARD = gnu11;
				GCC_DYNAMIC_NO_PIC = NO;
				GCC_NO_COMMON_BLOCKS = YES;
				GCC_OPTIMIZATION_LEVEL = 0;
				GCC_PREPROCESSOR_DEFINITIONS = (
					"DEBUG=1",
					"$(inherited)",
				);
				GCC_WARN_64_TO_32_BIT_CONVERSION = YES;
				GCC_WARN_ABOUT_RETURN_TYPE = YES_ERROR;
				GCC_WARN_UNDECLARED_SELECTOR = YES;
				GCC_WARN_UNINITIALIZED_AUTOS = YES_AGGRESSIVE;
				GCC_WARN_UNUSED_FUNCTION = YES;
				GCC_WARN_UNUSED_VARIABLE = YES;
				IPHONEOS_DEPLOYMENT_TARGET = 11.4;
				MTL_ENABLE_DEBUG_INFO = YES;
				ONLY_ACTIVE_ARCH = YES;
				SDKROOT = iphoneos;
				SWIFT_ACTIVE_COMPILATION_CONDITIONS = DEBUG;
				SWIFT_OPTIMIZATION_LEVEL = "-Onone";
			};
			name = Debug;
		};
		546681F4210650C40026368D /* Release */ = {
			isa = XCBuildConfiguration;
			buildSettings = {
				ALWAYS_SEARCH_USER_PATHS = NO;
				CLANG_ANALYZER_NONNULL = YES;
				CLANG_ANALYZER_NUMBER_OBJECT_CONVERSION = YES_AGGRESSIVE;
				CLANG_CXX_LANGUAGE_STANDARD = "gnu++14";
				CLANG_CXX_LIBRARY = "libc++";
				CLANG_ENABLE_MODULES = YES;
				CLANG_ENABLE_OBJC_ARC = YES;
				CLANG_ENABLE_OBJC_WEAK = YES;
				CLANG_WARN_BLOCK_CAPTURE_AUTORELEASING = YES;
				CLANG_WARN_BOOL_CONVERSION = YES;
				CLANG_WARN_COMMA = YES;
				CLANG_WARN_CONSTANT_CONVERSION = YES;
				CLANG_WARN_DEPRECATED_OBJC_IMPLEMENTATIONS = YES;
				CLANG_WARN_DIRECT_OBJC_ISA_USAGE = YES_ERROR;
				CLANG_WARN_DOCUMENTATION_COMMENTS = YES;
				CLANG_WARN_EMPTY_BODY = YES;
				CLANG_WARN_ENUM_CONVERSION = YES;
				CLANG_WARN_INFINITE_RECURSION = YES;
				CLANG_WARN_INT_CONVERSION = YES;
				CLANG_WARN_NON_LITERAL_NULL_CONVERSION = YES;
				CLANG_WARN_OBJC_IMPLICIT_RETAIN_SELF = YES;
				CLANG_WARN_OBJC_LITERAL_CONVERSION = YES;
				CLANG_WARN_OBJC_ROOT_CLASS = YES_ERROR;
				CLANG_WARN_RANGE_LOOP_ANALYSIS = YES;
				CLANG_WARN_STRICT_PROTOTYPES = YES;
				CLANG_WARN_SUSPICIOUS_MOVE = YES;
				CLANG_WARN_UNGUARDED_AVAILABILITY = YES_AGGRESSIVE;
				CLANG_WARN_UNREACHABLE_CODE = YES;
				CLANG_WARN__DUPLICATE_METHOD_MATCH = YES;
				CODE_SIGN_IDENTITY = "iPhone Developer";
				COPY_PHASE_STRIP = NO;
				DEBUG_INFORMATION_FORMAT = "dwarf-with-dsym";
				ENABLE_NS_ASSERTIONS = NO;
				ENABLE_STRICT_OBJC_MSGSEND = YES;
				GCC_C_LANGUAGE_STANDARD = gnu11;
				GCC_NO_COMMON_BLOCKS = YES;
				GCC_WARN_64_TO_32_BIT_CONVERSION = YES;
				GCC_WARN_ABOUT_RETURN_TYPE = YES_ERROR;
				GCC_WARN_UNDECLARED_SELECTOR = YES;
				GCC_WARN_UNINITIALIZED_AUTOS = YES_AGGRESSIVE;
				GCC_WARN_UNUSED_FUNCTION = YES;
				GCC_WARN_UNUSED_VARIABLE = YES;
				IPHONEOS_DEPLOYMENT_TARGET = 11.4;
				MTL_ENABLE_DEBUG_INFO = NO;
				SDKROOT = iphoneos;
				SWIFT_COMPILATION_MODE = wholemodule;
				SWIFT_OPTIMIZATION_LEVEL = "-O";
				VALIDATE_PRODUCT = YES;
			};
			name = Release;
		};
		546681F6210650C40026368D /* Debug */ = {
			isa = XCBuildConfiguration;
			buildSettings = {
				ASSETCATALOG_COMPILER_APPICON_NAME = AppIcon;
				CODE_SIGN_STYLE = Automatic;
				FRAMEWORK_SEARCH_PATHS = (
					"$(inherited)",
					"$(PROJECT_DIR)",
				);
				INFOPLIST_FILE = InstagramClone/Info.plist;
				LD_RUNPATH_SEARCH_PATHS = (
					"$(inherited)",
					"@executable_path/Frameworks",
				);
				PRODUCT_BUNDLE_IDENTIFIER = com.ngtkn.InstagramClone;
				PRODUCT_NAME = "$(TARGET_NAME)";
				SWIFT_VERSION = 4.0;
				TARGETED_DEVICE_FAMILY = "1,2";
			};
			name = Debug;
		};
		546681F7210650C40026368D /* Release */ = {
			isa = XCBuildConfiguration;
			buildSettings = {
				ASSETCATALOG_COMPILER_APPICON_NAME = AppIcon;
				CODE_SIGN_STYLE = Automatic;
				FRAMEWORK_SEARCH_PATHS = (
					"$(inherited)",
					"$(PROJECT_DIR)",
				);
				INFOPLIST_FILE = InstagramClone/Info.plist;
				LD_RUNPATH_SEARCH_PATHS = (
					"$(inherited)",
					"@executable_path/Frameworks",
				);
				PRODUCT_BUNDLE_IDENTIFIER = com.ngtkn.InstagramClone;
				PRODUCT_NAME = "$(TARGET_NAME)";
				SWIFT_VERSION = 4.0;
				TARGETED_DEVICE_FAMILY = "1,2";
			};
			name = Release;
		};
/* End XCBuildConfiguration section */

/* Begin XCConfigurationList section */
		546681DE210650C20026368D /* Build configuration list for PBXProject "InstagramClone" */ = {
			isa = XCConfigurationList;
			buildConfigurations = (
				546681F3210650C40026368D /* Debug */,
				546681F4210650C40026368D /* Release */,
			);
			defaultConfigurationIsVisible = 0;
			defaultConfigurationName = Release;
		};
		546681F5210650C40026368D /* Build configuration list for PBXNativeTarget "InstagramClone" */ = {
			isa = XCConfigurationList;
			buildConfigurations = (
				546681F6210650C40026368D /* Debug */,
				546681F7210650C40026368D /* Release */,
			);
			defaultConfigurationIsVisible = 0;
			defaultConfigurationName = Release;
		};
/* End XCConfigurationList section */
	};
	rootObject = 546681DB210650C20026368D /* Project object */;
}
